
Microsoft Visual Studio Solution File, Format Version 12.00
# Visual Studio Version 17
VisualStudioVersion = 17.7.34202.233
MinimumVisualStudioVersion = 10.0.40219.1
Project("{FAE04EC0-301F-11D3-BF4B-00C04F79EFBC}") = "KashanPractical", "KashanPractical.csproj", "{248AB79D-BE6D-4073-813B-DADCB5D6943F}"
EndProject
Global
	GlobalSection(SolutionConfigurationPlatforms) = preSolution
		Debug|Any CPU = Debug|Any CPU
		Release|Any CPU = Release|Any CPU
	EndGlobalSection
	GlobalSection(ProjectConfigurationPlatforms) = postSolution
		{248AB79D-BE6D-4073-813B-DADCB5D6943F}.Debug|Any CPU.ActiveCfg = Debug|Any CPU
		{248AB79D-BE6D-4073-813B-DADCB5D6943F}.Debug|Any CPU.Build.0 = Debug|Any CPU
		{248AB79D-BE6D-4073-813B-DADCB5D6943F}.Release|Any CPU.ActiveCfg = Release|Any CPU
		{248AB79D-BE6D-4073-813B-DADCB5D6943F}.Release|Any CPU.Build.0 = Release|Any CPU
	EndGlobalSection
	GlobalSection(SolutionProperties) = preSolution
		HideSolutionNode = FALSE
	EndGlobalSection
	GlobalSection(ExtensibilityGlobals) = postSolution
		SolutionGuid = {2EC0D40B-025A-47D6-8E0A-3E1AA4B31659}
	EndGlobalSection
EndGlobal
